
Microsoft Visual Studio Solution File, Format Version 12.00
# Visual Studio Version 16
VisualStudioVersion = 16.0.35931.194
MinimumVisualStudioVersion = 10.0.40219.1
Project("{E24C65DC-7377-472B-9ABA-BC803B73C61A}") = "DotnetBasics", "DotnetBasics\", "{2CA33578-078F-4D34-AD2C-D12B72AE3CFB}"
	ProjectSection(WebsiteProperties) = preProject
		TargetFrameworkMoniker = ".NETFramework,Version%3Dv4.8"
		Debug.AspNetCompiler.VirtualPath = "/localhost_52328"
		Debug.AspNetCompiler.PhysicalPath = "DotnetBasics\"
		Debug.AspNetCompiler.TargetPath = "PrecompiledWeb\localhost_52328\"
		Debug.AspNetCompiler.Updateable = "true"
		Debug.AspNetCompiler.ForceOverwrite = "true"
		Debug.AspNetCompiler.FixedNames = "false"
		Debug.AspNetCompiler.Debug = "True"
		Release.AspNetCompiler.VirtualPath = "/localhost_52328"
		Release.AspNetCompiler.PhysicalPath = "DotnetBasics\"
		Release.AspNetCompiler.TargetPath = "PrecompiledWeb\localhost_52328\"
		Release.AspNetCompiler.Updateable = "true"
		Release.AspNetCompiler.ForceOverwrite = "true"
		Release.AspNetCompiler.FixedNames = "false"
		Release.AspNetCompiler.Debug = "False"
		VWDPort = "52328"
		SlnRelativePath = "DotnetBasics\"
		DefaultWebSiteLanguage = "Visual C#"
	EndProjectSection
EndProject
Global
	GlobalSection(SolutionConfigurationPlatforms) = preSolution
		Debug|Any CPU = Debug|Any CPU
	EndGlobalSection
	GlobalSection(ProjectConfigurationPlatforms) = postSolution
		{2CA33578-078F-4D34-AD2C-D12B72AE3CFB}.Debug|Any CPU.ActiveCfg = Debug|Any CPU
		{2CA33578-078F-4D34-AD2C-D12B72AE3CFB}.Debug|Any CPU.Build.0 = Debug|Any CPU
	EndGlobalSection
	GlobalSection(SolutionProperties) = preSolution
		HideSolutionNode = FALSE
	EndGlobalSection
	GlobalSection(ExtensibilityGlobals) = postSolution
		SolutionGuid = {B1BFF277-C266-474F-8C7E-3FAC659E51ED}
	EndGlobalSection
EndGlobal
